Microsoft Visual Studio Solution File, Format Version 12.00
# Visual Studio Version 17
VisualStudioVersion = 17.5.2.0
MinimumVisualStudioVersion = 10.0.40219.1
Project("{FAE04EC0-301F-11D3-BF4B-00C04F79EFBC}") = "SistemaCaixaPostalIA", "SistemaCaixaPostalIA.csproj", "{A3526EEB-8CA9-416F-CF56-4825ABBF4419}"
EndProject
Global
	GlobalSection(SolutionConfigurationPlatforms) = preSolution
		Debug|Any CPU = Debug|Any CPU
		Release|Any CPU = Release|Any CPU
	EndGlobalSection
	GlobalSection(ProjectConfigurationPlatforms) = postSolution
		{A3526EEB-8CA9-416F-CF56-4825ABBF4419}.Debug|Any CPU.ActiveCfg = Debug|Any CPU
		{A3526EEB-8CA9-416F-CF56-4825ABBF4419}.Debug|Any CPU.Build.0 = Debug|Any CPU
		{A3526EEB-8CA9-416F-CF56-4825ABBF4419}.Release|Any CPU.ActiveCfg = Release|Any CPU
		{A3526EEB-8CA9-416F-CF56-4825ABBF4419}.Release|Any CPU.Build.0 = Release|Any CPU
	EndGlobalSection
	GlobalSection(SolutionProperties) = preSolution
		HideSolutionNode = FALSE
	EndGlobalSection
	GlobalSection(ExtensibilityGlobals) = postSolution
		SolutionGuid = {BBE0D3D3-AE15-4827-B163-1977CEBC2A4F}
	EndGlobalSection
EndGlobal
